
Microsoft Visual Studio Solution File, Format Version 12.00
# Visual Studio Version 17
VisualStudioVersion = 17.9.34622.214
MinimumVisualStudioVersion = 10.0.40219.1
Project("{FAE04EC0-301F-11D3-BF4B-00C04F79EFBC}") = "Laboratorio03", "Laboratorio03\Laboratorio03.csproj", "{D74885F0-4B6B-4540-9A25-E099BA3B9A7A}"
EndProject
Global
	GlobalSection(SolutionConfigurationPlatforms) = preSolution
		Debug|Any CPU = Debug|Any CPU
		Release|Any CPU = Release|Any CPU
	EndGlobalSection
	GlobalSection(ProjectConfigurationPlatforms) = postSolution
		{D74885F0-4B6B-4540-9A25-E099BA3B9A7A}.Debug|Any CPU.ActiveCfg = Debug|Any CPU
		{D74885F0-4B6B-4540-9A25-E099BA3B9A7A}.Debug|Any CPU.Build.0 = Debug|Any CPU
		{D74885F0-4B6B-4540-9A25-E099BA3B9A7A}.Release|Any CPU.ActiveCfg = Release|Any CPU
		{D74885F0-4B6B-4540-9A25-E099BA3B9A7A}.Release|Any CPU.Build.0 = Release|Any CPU
	EndGlobalSection
	GlobalSection(SolutionProperties) = preSolution
		HideSolutionNode = FALSE
	EndGlobalSection
	GlobalSection(ExtensibilityGlobals) = postSolution
		SolutionGuid = {E3C62302-53E4-4BBF-84EB-9346133A5778}
	EndGlobalSection
EndGlobal
